// !$*UTF8*$!
{
	archiveVersion = 1;
	classes = {
	};
	objectVersion = 50;
	objects = {

/* Begin PBXBuildFile section */
		802975F9255CA79900C83E4D /* btest.cpp in Sources */ = {isa = PBXBuildFile; fileRef = 8091FDC12550946500D8252C /* btest.cpp */; };
		8048ABCB254208870091107B /* main.cpp in Sources */ = {isa = PBXBuildFile; fileRef = 8048ABCA254208870091107B /* main.cpp */; };
/* End PBXBuildFile section */

/* Begin PBXCopyFilesBuildPhase section */
		8048ABC5254208870091107B /* CopyFiles */ = {
			isa = PBXCopyFilesBuildPhase;
			buildActionMask = 2147483647;
			dstPath = /usr/share/man/man1/;
			dstSubfolderSpec = 0;
			files = (
			);
			runOnlyForDeploymentPostprocessing = 1;
		};
		80D15C5A255789DD006A9360 /* CopyFiles */ = {
			isa = PBXCopyFilesBuildPhase;
			buildActionMask = 2147483647;
			dstPath = /usr/share/man/man1/;
			dstSubfolderSpec = 0;
			files = (
			);
			runOnlyForDeploymentPostprocessing = 1;
		};
/* End PBXCopyFilesBuildPhase section */

/* Begin PBXFileReference section */
		8048ABC7254208870091107B /* Coalesced Hashing */ = {isa = PBXFileReference; explicitFileType = "compiled.mach-o.executable"; includeInIndex = 0; path = "Coalesced Hashing"; sourceTree = BUILT_PRODUCTS_DIR; };
		8048ABCA254208870091107B /* main.cpp */ = {isa = PBXFileReference; lastKnownFileType = sourcecode.cpp.cpp; path = main.cpp; sourceTree = "<group>"; };
		8091FDC0255093F200D8252C /* simple_test.cpp */ = {isa = PBXFileReference; explicitFileType = sourcecode.cpp.cpp; path = simple_test.cpp; sourceTree = "<group>"; };
		8091FDC12550946500D8252C /* btest.cpp */ = {isa = PBXFileReference; lastKnownFileType = sourcecode.cpp.cpp; path = btest.cpp; sourceTree = "<group>"; };
		80D15C5C255789DD006A9360 /* Coalesced Hashing Tests */ = {isa = PBXFileReference; explicitFileType = "compiled.mach-o.executable"; includeInIndex = 0; path = "Coalesced Hashing Tests"; sourceTree = BUILT_PRODUCTS_DIR; };
		80D15C6825578CCE006A9360 /* ADS_set.h */ = {isa = PBXFileReference; lastKnownFileType = sourcecode.c.h; path = ADS_set.h; sourceTree = "<group>"; };
/* End PBXFileReference section */

/* Begin PBXFrameworksBuildPhase section */
		8048ABC4254208870091107B /* Frameworks */ = {
			isa = PBXFrameworksBuildPhase;
			buildActionMask = 2147483647;
			files = (
			);
			runOnlyForDeploymentPostprocessing = 0;
		};
		80D15C59255789DD006A9360 /* Frameworks */ = {
			isa = PBXFrameworksBuildPhase;
			buildActionMask = 2147483647;
			files = (
			);
			runOnlyForDeploymentPostprocessing = 0;
		};
/* End PBXFrameworksBuildPhase section */

/* Begin PBXGroup section */
		8048ABBE254208870091107B = {
			isa = PBXGroup;
			children = (
				8048ABC9254208870091107B /* Coalesced Hashing */,
				80D15C5D255789DD006A9360 /* Coalesced Hashing Tests */,
				8048ABC8254208870091107B /* Products */,
			);
			sourceTree = "<group>";
		};
		8048ABC8254208870091107B /* Products */ = {
			isa = PBXGroup;
			children = (
				8048ABC7254208870091107B /* Coalesced Hashing */,
				80D15C5C255789DD006A9360 /* Coalesced Hashing Tests */,
			);
			name = Products;
			sourceTree = "<group>";
		};
		8048ABC9254208870091107B /* Coalesced Hashing */ = {
			isa = PBXGroup;
			children = (
				8048ABCA254208870091107B /* main.cpp */,
				80D15C6825578CCE006A9360 /* ADS_set.h */,
			);
			path = "Coalesced Hashing";
			sourceTree = "<group>";
		};
		80D15C5D255789DD006A9360 /* Coalesced Hashing Tests */ = {
			isa = PBXGroup;
			children = (
				8091FDC0255093F200D8252C /* simple_test.cpp */,
				8091FDC12550946500D8252C /* btest.cpp */,
			);
			path = "Coalesced Hashing Tests";
			sourceTree = "<group>";
		};
/* End PBXGroup section */

/* Begin PBXNativeTarget section */
		8048ABC6254208870091107B /* Coalesced Hashing */ = {
			isa = PBXNativeTarget;
			buildConfigurationList = 8048ABCE254208870091107B /* Build configuration list for PBXNativeTarget "Coalesced Hashing" */;
			buildPhases = (
				8048ABC3254208870091107B /* Sources */,
				8048ABC4254208870091107B /* Frameworks */,
				8048ABC5254208870091107B /* CopyFiles */,
			);
			buildRules = (
			);
			dependencies = (
			);
			name = "Coalesced Hashing";
			productName = "Coalesced Hashing";
			productReference = 8048ABC7254208870091107B /* Coalesced Hashing */;
			productType = "com.apple.product-type.tool";
		};
		80D15C5B255789DD006A9360 /* Coalesced Hashing Tests */ = {
			isa = PBXNativeTarget;
			buildConfigurationList = 80D15C62255789DD006A9360 /* Build configuration list for PBXNativeTarget "Coalesced Hashing Tests" */;
			buildPhases = (
				80D15C58255789DD006A9360 /* Sources */,
				80D15C59255789DD006A9360 /* Frameworks */,
				80D15C5A255789DD006A9360 /* CopyFiles */,
			);
			buildRules = (
			);
			dependencies = (
			);
			name = "Coalesced Hashing Tests";
			productName = "Coalesced Hashing Tests";
			productReference = 80D15C5C255789DD006A9360 /* Coalesced Hashing Tests */;
			productType = "com.apple.product-type.tool";
		};
/* End PBXNativeTarget section */

/* Begin PBXProject section */
		8048ABBF254208870091107B /* Project object */ = {
			isa = PBXProject;
			attributes = {
				LastUpgradeCheck = 1200;
				TargetAttributes = {
					8048ABC6254208870091107B = {
						CreatedOnToolsVersion = 12.0.1;
					};
					80D15C5B255789DD006A9360 = {
						CreatedOnToolsVersion = 12.1;
					};
				};
			};
			buildConfigurationList = 8048ABC2254208870091107B /* Build configuration list for PBXProject "Coalesced Hashing" */;
			compatibilityVersion = "Xcode 9.3";
			developmentRegion = en;
			hasScannedForEncodings = 0;
			knownRegions = (
				en,
				Base,
			);
			mainGroup = 8048ABBE254208870091107B;
			productRefGroup = 8048ABC8254208870091107B /* Products */;
			projectDirPath = "";
			projectRoot = "";
			targets = (
				8048ABC6254208870091107B /* Coalesced Hashing */,
				80D15C5B255789DD006A9360 /* Coalesced Hashing Tests */,
			);
		};
/* End PBXProject section */

/* Begin PBXSourcesBuildPhase section */
		8048ABC3254208870091107B /* Sources */ = {
			isa = PBXSourcesBuildPhase;
			buildActionMask = 2147483647;
			files = (
				8048ABCB254208870091107B /* main.cpp in Sources */,
			);
			runOnlyForDeploymentPostprocessing = 0;
		};
		80D15C58255789DD006A9360 /* Sources */ = {
			isa = PBXSourcesBuildPhase;
			buildActionMask = 2147483647;
			files = (
				802975F9255CA79900C83E4D /* btest.cpp in Sources */,
			);
			runOnlyForDeploymentPostprocessing = 0;
		};
/* End PBXSourcesBuildPhase section */

/* Begin XCBuildConfiguration section */
		8048ABCC254208870091107B /* Debug */ = {
			isa = XCBuildConfiguration;
			buildSettings = {
				ALWAYS_SEARCH_USER_PATHS = NO;
				CLANG_ANALYZER_NONNULL = YES;
				CLANG_ANALYZER_NUMBER_OBJECT_CONVERSION = YES_AGGRESSIVE;
				CLANG_CXX_LANGUAGE_STANDARD = "gnu++14";
				CLANG_CXX_LIBRARY = "libc++";
				CLANG_ENABLE_MODULES = YES;
				CLANG_ENABLE_OBJC_ARC = YES;
				CLANG_ENABLE_OBJC_WEAK = YES;
				CLANG_WARN_BLOCK_CAPTURE_AUTORELEASING = YES;
				CLANG_WARN_BOOL_CONVERSION = YES;
				CLANG_WARN_COMMA = YES;
				CLANG_WARN_CONSTANT_CONVERSION = YES;
				CLANG_WARN_DEPRECATED_OBJC_IMPLEMENTATIONS = YES;
				CLANG_WARN_DIRECT_OBJC_ISA_USAGE = YES_ERROR;
				CLANG_WARN_DOCUMENTATION_COMMENTS = YES;
				CLANG_WARN_EMPTY_BODY = YES;
				CLANG_WARN_ENUM_CONVERSION = YES;
				CLANG_WARN_INFINITE_RECURSION = YES;
				CLANG_WARN_INT_CONVERSION = YES;
				CLANG_WARN_NON_LITERAL_NULL_CONVERSION = YES;
				CLANG_WARN_OBJC_IMPLICIT_RETAIN_SELF = YES;
				CLANG_WARN_OBJC_LITERAL_CONVERSION = YES;
				CLANG_WARN_OBJC_ROOT_CLASS = YES_ERROR;
				CLANG_WARN_QUOTED_INCLUDE_IN_FRAMEWORK_HEADER = YES;
				CLANG_WARN_RANGE_LOOP_ANALYSIS = YES;
				CLANG_WARN_STRICT_PROTOTYPES = YES;
				CLANG_WARN_SUSPICIOUS_MOVE = YES;
				CLANG_WARN_UNGUARDED_AVAILABILITY = YES_AGGRESSIVE;
				CLANG_WARN_UNREACHABLE_CODE = YES;
				CLANG_WARN__DUPLICATE_METHOD_MATCH = YES;
				COPY_PHASE_STRIP = NO;
				DEBUG_INFORMATION_FORMAT = dwarf;
				ENABLE_STRICT_OBJC_MSGSEND = YES;
				ENABLE_TESTABILITY = YES;
				GCC_C_LANGUAGE_STANDARD = gnu11;
				GCC_DYNAMIC_NO_PIC = NO;
				GCC_NO_COMMON_BLOCKS = YES;
				GCC_OPTIMIZATION_LEVEL = 0;
				GCC_PREPROCESSOR_DEFINITIONS = (
					"DEBUG=1",
					"$(inherited)",
				);
				GCC_WARN_64_TO_32_BIT_CONVERSION = YES;
				GCC_WARN_ABOUT_RETURN_TYPE = YES_ERROR;
				GCC_WARN_UNDECLARED_SELECTOR = YES;
				GCC_WARN_UNINITIALIZED_AUTOS = YES_AGGRESSIVE;
				GCC_WARN_UNUSED_FUNCTION = YES;
				GCC_WARN_UNUSED_VARIABLE = YES;
				MACOSX_DEPLOYMENT_TARGET = 10.15;
				MTL_ENABLE_DEBUG_INFO = INCLUDE_SOURCE;
				MTL_FAST_MATH = YES;
				ONLY_ACTIVE_ARCH = YES;
				SDKROOT = macosx;
			};
			name = Debug;
		};
		8048ABCD254208870091107B /* Release */ = {
			isa = XCBuildConfiguration;
			buildSettings = {
				ALWAYS_SEARCH_USER_PATHS = NO;
				CLANG_ANALYZER_NONNULL = YES;
				CLANG_ANALYZER_NUMBER_OBJECT_CONVERSION = YES_AGGRESSIVE;
				CLANG_CXX_LANGUAGE_STANDARD = "gnu++14";
				CLANG_CXX_LIBRARY = "libc++";
				CLANG_ENABLE_MODULES = YES;
				CLANG_ENABLE_OBJC_ARC = YES;
				CLANG_ENABLE_OBJC_WEAK = YES;
				CLANG_WARN_BLOCK_CAPTURE_AUTORELEASING = YES;
				CLANG_WARN_BOOL_CONVERSION = YES;
				CLANG_WARN_COMMA = YES;
				CLANG_WARN_CONSTANT_CONVERSION = YES;
				CLANG_WARN_DEPRECATED_OBJC_IMPLEMENTATIONS = YES;
				CLANG_WARN_DIRECT_OBJC_ISA_USAGE = YES_ERROR;
				CLANG_WARN_DOCUMENTATION_COMMENTS = YES;
				CLANG_WARN_EMPTY_BODY = YES;
				CLANG_WARN_ENUM_CONVERSION = YES;
				CLANG_WARN_INFINITE_RECURSION = YES;
				CLANG_WARN_INT_CONVERSION = YES;
				CLANG_WARN_NON_LITERAL_NULL_CONVERSION = YES;
				CLANG_WARN_OBJC_IMPLICIT_RETAIN_SELF = YES;
				CLANG_WARN_OBJC_LITERAL_CONVERSION = YES;
				CLANG_WARN_OBJC_ROOT_CLASS = YES_ERROR;
				CLANG_WARN_QUOTED_INCLUDE_IN_FRAMEWORK_HEADER = YES;
				CLANG_WARN_RANGE_LOOP_ANALYSIS = YES;
				CLANG_WARN_STRICT_PROTOTYPES = YES;
				CLANG_WARN_SUSPICIOUS_MOVE = YES;
				CLANG_WARN_UNGUARDED_AVAILABILITY = YES_AGGRESSIVE;
				CLANG_WARN_UNREACHABLE_CODE = YES;
				CLANG_WARN__DUPLICATE_METHOD_MATCH = YES;
				COPY_PHASE_STRIP = NO;
				DEBUG_INFORMATION_FORMAT = "dwarf-with-dsym";
				ENABLE_NS_ASSERTIONS = NO;
				ENABLE_STRICT_OBJC_MSGSEND = YES;
				GCC_C_LANGUAGE_STANDARD = gnu11;
				GCC_NO_COMMON_BLOCKS = YES;
				GCC_WARN_64_TO_32_BIT_CONVERSION = YES;
				GCC_WARN_ABOUT_RETURN_TYPE = YES_ERROR;
				GCC_WARN_UNDECLARED_SELECTOR = YES;
				GCC_WARN_UNINITIALIZED_AUTOS = YES_AGGRESSIVE;
				GCC_WARN_UNUSED_FUNCTION = YES;
				GCC_WARN_UNUSED_VARIABLE = YES;
				MACOSX_DEPLOYMENT_TARGET = 10.15;
				MTL_ENABLE_DEBUG_INFO = NO;
				MTL_FAST_MATH = YES;
				SDKROOT = macosx;
			};
			name = Release;
		};
		8048ABCF254208870091107B /* Debug */ = {
			isa = XCBuildConfiguration;
			buildSettings = {
				CODE_SIGN_STYLE = Automatic;
				DEVELOPMENT_TEAM = M6SMSSUJS8;
				ENABLE_HARDENED_RUNTIME = YES;
				PRODUCT_NAME = "$(TARGET_NAME)";
			};
			name = Debug;
		};
		8048ABD0254208870091107B /* Release */ = {
			isa = XCBuildConfiguration;
			buildSettings = {
				CODE_SIGN_STYLE = Automatic;
				DEVELOPMENT_TEAM = M6SMSSUJS8;
				ENABLE_HARDENED_RUNTIME = YES;
				PRODUCT_NAME = "$(TARGET_NAME)";
			};
			name = Release;
		};
		80D15C60255789DD006A9360 /* Debug */ = {
			isa = XCBuildConfiguration;
			buildSettings = {
				CODE_SIGN_STYLE = Automatic;
				DEVELOPMENT_TEAM = M6SMSSUJS8;
				ENABLE_HARDENED_RUNTIME = YES;
				PRODUCT_NAME = "$(TARGET_NAME)";
			};
			name = Debug;
		};
		80D15C61255789DD006A9360 /* Release */ = {
			isa = XCBuildConfiguration;
			buildSettings = {
				CODE_SIGN_STYLE = Automatic;
				DEVELOPMENT_TEAM = M6SMSSUJS8;
				ENABLE_HARDENED_RUNTIME = YES;
				PRODUCT_NAME = "$(TARGET_NAME)";
			};
			name = Release;
		};
/* End XCBuildConfiguration section */

/* Begin XCConfigurationList section */
		8048ABC2254208870091107B /* Build configuration list for PBXProject "Coalesced Hashing" */ = {
			isa = XCConfigurationList;
			buildConfigurations = (
				8048ABCC254208870091107B /* Debug */,
				8048ABCD254208870091107B /* Release */,
			);
			defaultConfigurationIsVisible = 0;
			defaultConfigurationName = Release;
		};
		8048ABCE254208870091107B /* Build configuration list for PBXNativeTarget "Coalesced Hashing" */ = {
			isa = XCConfigurationList;
			buildConfigurations = (
				8048ABCF254208870091107B /* Debug */,
				8048ABD0254208870091107B /* Release */,
			);
			defaultConfigurationIsVisible = 0;
			defaultConfigurationName = Release;
		};
		80D15C62255789DD006A9360 /* Build configuration list for PBXNativeTarget "Coalesced Hashing Tests" */ = {
			isa = XCConfigurationList;
			buildConfigurations = (
				80D15C60255789DD006A9360 /* Debug */,
				80D15C61255789DD006A9360 /* Release */,
			);
			defaultConfigurationIsVisible = 0;
			defaultConfigurationName = Release;
		};
/* End XCConfigurationList section */
	};
	rootObject = 8048ABBF254208870091107B /* Project object */;
}
